PODS:
  - MXLCalendarManagerSwift (1.0.2)
  - Nimble (8.0.2)
  - Quick (2.1.0)

DEPENDENCIES:
  - MXLCalendarManagerSwift (from `https://github.com/ramonvasc/MXLCalendarManagerSwift.git`)
  - Nimble
  - Quick

SPEC REPOS:
  https://github.com/cocoapods/specs.git:
    - Nimble
    - Quick

EXTERNAL SOURCES:
  MXLCalendarManagerSwift:
    :git: https://github.com/ramonvasc/MXLCalendarManagerSwift.git

CHECKOUT OPTIONS:
  MXLCalendarManagerSwift:
    :commit: e1f0956a077831d5c35b909b6763cc984d184cce
    :git: https://github.com/ramonvasc/MXLCalendarManagerSwift.git

SPEC CHECKSUMS:
  MXLCalendarManagerSwift: bf0539789aa93527902a145b7d628455c93f57f2
  Nimble: 622629381bda1dd5678162f21f1368cec7cbba60
  Quick: 4be43f6634acfa727dd106bdf3929ce125ffa79d

PODFILE CHECKSUM: 042f9aedb693ba9c8fcc442f732acfb3aee54ede

COCOAPODS: 1.7.1
