PODS:
  - MXLCalendarManagerSwift (1.0.7)
  - Nimble (13.0.0)
  - Quick (7.3.0)

DEPENDENCIES:
  - MXLCalendarManagerSwift (from `https://github.com/ramonvasc/MXLCalendarManagerSwift.git`)
  - Nimble
  - Quick

SPEC REPOS:
  trunk:
    - Nimble
    - Quick

EXTERNAL SOURCES:
  MXLCalendarManagerSwift:
    :git: https://github.com/ramonvasc/MXLCalendarManagerSwift.git

CHECKOUT OPTIONS:
  MXLCalendarManagerSwift:
    :commit: d2484554b6d98a23bdcfd848fe6295ad8bde6358
    :git: https://github.com/ramonvasc/MXLCalendarManagerSwift.git

SPEC CHECKSUMS:
  MXLCalendarManagerSwift: ed24fdbd951e7c18540e6f5e0178336bf08cc29f
  Nimble: 97d90931cca412a23224ff29e258809f75c258f7
  Quick: d32871931c05547cb4e0bc9009d66a18b50d8558

PODFILE CHECKSUM: ef6876e9ac453e4861cc8b76871e66ea6e4b58ea

COCOAPODS: 1.13.0
