PODS:
  - MXLCalendarManagerSwift (1.0.10)
  - Nimble (13.0.0)
  - Quick (7.3.0)

DEPENDENCIES:
  - MXLCalendarManagerSwift (from `https://github.com/ramonvasc/MXLCalendarManagerSwift.git`, branch `master`)
  - Nimble
  - Quick

SPEC REPOS:
  trunk:
    - Nimble
    - Quick

EXTERNAL SOURCES:
  MXLCalendarManagerSwift:
    :branch: master
    :git: https://github.com/ramonvasc/MXLCalendarManagerSwift.git

CHECKOUT OPTIONS:
  MXLCalendarManagerSwift:
    :commit: d3c247f4d1de0fc9dfc823227648b060713b54a2
    :git: https://github.com/ramonvasc/MXLCalendarManagerSwift.git

SPEC CHECKSUMS:
  MXLCalendarManagerSwift: f97ff28f67ede8d2d1ec15d869708a8a570878bf
  Nimble: 97d90931cca412a23224ff29e258809f75c258f7
  Quick: d32871931c05547cb4e0bc9009d66a18b50d8558

PODFILE CHECKSUM: 7c6fa879e3082bd85cdda222e972552b318552b8

COCOAPODS: 1.14.2
